
Microsoft Visual Studio Solution File, Format Version 12.00
# Visual Studio Version 16
VisualStudioVersion = 16.0.31702.278
MinimumVisualStudioVersion = 10.0.40219.1
Project("{FAE04EC0-301F-11D3-BF4B-00C04F79EFBC}") = "Project", "Project\Project.csproj", "{D6FB3E2B-D5C7-4483-8321-1F14ED3538BE}"
EndProject
Global
	GlobalSection(SolutionConfigurationPlatforms) = preSolution
		Debug|Any CPU = Debug|Any CPU
		Release|Any CPU = Release|Any CPU
	EndGlobalSection
	GlobalSection(ProjectConfigurationPlatforms) = postSolution
		{D6FB3E2B-D5C7-4483-8321-1F14ED3538BE}.Debug|Any CPU.ActiveCfg = Debug|Any CPU
		{D6FB3E2B-D5C7-4483-8321-1F14ED3538BE}.Debug|Any CPU.Build.0 = Debug|Any CPU
		{D6FB3E2B-D5C7-4483-8321-1F14ED3538BE}.Release|Any CPU.ActiveCfg = Release|Any CPU
		{D6FB3E2B-D5C7-4483-8321-1F14ED3538BE}.Release|Any CPU.Build.0 = Release|Any CPU
	EndGlobalSection
	GlobalSection(SolutionProperties) = preSolution
		HideSolutionNode = FALSE
	EndGlobalSection
	GlobalSection(ExtensibilityGlobals) = postSolution
		SolutionGuid = {39D15EDA-8DB9-4BE4-9226-D9F2F3AA8CEB}
	EndGlobalSection
EndGlobal
